
Microsoft Visual Studio Solution File, Format Version 12.00
# Visual Studio Version 16
VisualStudioVersion = 16.0.31605.320
MinimumVisualStudioVersion = 10.0.40219.1
Project("{9A19103F-16F7-4668-BE54-9A1E7A4F7556}") = "MCAT", "MCAT\MCAT.csproj", "{32029019-5C9C-4ACC-9C20-43F48D81758C}"
EndProject
Global
	GlobalSection(SolutionConfigurationPlatforms) = preSolution
		Debug|Any CPU = Debug|Any CPU
		Release|Any CPU = Release|Any CPU
	EndGlobalSection
	GlobalSection(ProjectConfigurationPlatforms) = postSolution
		{32029019-5C9C-4ACC-9C20-43F48D81758C}.Debug|Any CPU.ActiveCfg = Debug|Any CPU
		{32029019-5C9C-4ACC-9C20-43F48D81758C}.Debug|Any CPU.Build.0 = Debug|Any CPU
		{32029019-5C9C-4ACC-9C20-43F48D81758C}.Release|Any CPU.ActiveCfg = Release|Any CPU
		{32029019-5C9C-4ACC-9C20-43F48D81758C}.Release|Any CPU.Build.0 = Release|Any CPU
	EndGlobalSection
	GlobalSection(SolutionProperties) = preSolution
		HideSolutionNode = FALSE
	EndGlobalSection
	GlobalSection(ExtensibilityGlobals) = postSolution
		SolutionGuid = {3DBD840A-012A-4E7F-B6A1-1A7293B8A07B}
	EndGlobalSection
EndGlobal
